// !$*UTF8*$!
{
	archiveVersion = 1;
	classes = {
	};
	objectVersion = 50;
	objects = {

/* Begin PBXBuildFile section */
		C0D767F514CD68C85E673145 /* Pods_TODO_2019.framework in Frameworks */ = {isa = PBXBuildFile; fileRef = 32FE360DD31002DE7D392743 /* Pods_TODO_2019.framework */; };
		C817B549220D3EE000B96C1D /* AppDelegate.swift in Sources */ = {isa = PBXBuildFile; fileRef = C817B548220D3EE000B96C1D /* AppDelegate.swift */; };
		C817B54E220D3EE000B96C1D /* Main.storyboard in Resources */ = {isa = PBXBuildFile; fileRef = C817B54C220D3EE000B96C1D /* Main.storyboard */; };
		C817B550220D3EE200B96C1D /* Assets.xcassets in Resources */ = {isa = PBXBuildFile; fileRef = C817B54F220D3EE200B96C1D /* Assets.xcassets */; };
		C817B553220D3EE200B96C1D /* LaunchScreen.storyboard in Resources */ = {isa = PBXBuildFile; fileRef = C817B551220D3EE200B96C1D /* LaunchScreen.storyboard */; };
		C82689D6220DA0BA00E8BFD0 /* File.swift in Sources */ = {isa = PBXBuildFile; fileRef = C82689D5220DA0BA00E8BFD0 /* File.swift */; };
		C82689DE220DA3A000E8BFD0 /* ToDoTableViewController + UITableViewDataSource.swift in Sources */ = {isa = PBXBuildFile; fileRef = C82689DD220DA3A000E8BFD0 /* ToDoTableViewController + UITableViewDataSource.swift */; };
		C82689E0220DA3D400E8BFD0 /* TodoTableViewController + UITableViewDelegate.swift in Sources */ = {isa = PBXBuildFile; fileRef = C82689DF220DA3D400E8BFD0 /* TodoTableViewController + UITableViewDelegate.swift */; };
		C82689E4220DA55200E8BFD0 /* ToDoTableViewController.swift in Sources */ = {isa = PBXBuildFile; fileRef = C82689E3220DA55200E8BFD0 /* ToDoTableViewController.swift */; };
		C82689E6220DA58900E8BFD0 /* ToDoViewController.swift in Sources */ = {isa = PBXBuildFile; fileRef = C82689E5220DA58900E8BFD0 /* ToDoViewController.swift */; };
		C82689E8220DA5BE00E8BFD0 /* ToDoViewController + UITableViewDelegate.swift in Sources */ = {isa = PBXBuildFile; fileRef = C82689E7220DA5BE00E8BFD0 /* ToDoViewController + UITableViewDelegate.swift */; };
		C82689EB220DFA5800E8BFD0 /* String+Extention.swift in Sources */ = {isa = PBXBuildFile; fileRef = C82689EA220DFA5800E8BFD0 /* String+Extention.swift */; };
		C8813C1C220E9E1F0031A937 /* NavidatioViewControllerToDoViewController.swift in Sources */ = {isa = PBXBuildFile; fileRef = C8813C1B220E9E1F0031A937 /* NavidatioViewControllerToDoViewController.swift */; };
		C895DFEA2210AB9D00393170 /* ToDoTaleViewController + RealmMethods.swift in Sources */ = {isa = PBXBuildFile; fileRef = C895DFE92210AB9D00393170 /* ToDoTaleViewController + RealmMethods.swift */; };
/* End PBXBuildFile section */

/* Begin PBXFileReference section */
		108D7326A829B9F986C01857 /* Pods-TODO_2019.debug.xcconfig */ = {isa = PBXFileReference; includeInIndex = 1; lastKnownFileType = text.xcconfig; name = "Pods-TODO_2019.debug.xcconfig"; path = "Target Support Files/Pods-TODO_2019/Pods-TODO_2019.debug.xcconfig"; sourceTree = "<group>"; };
		32FE360DD31002DE7D392743 /* Pods_TODO_2019.framework */ = {isa = PBXFileReference; explicitFileType = wrapper.framework; includeInIndex = 0; path = Pods_TODO_2019.framework; sourceTree = BUILT_PRODUCTS_DIR; };
		67B9AD5D7401B642058207D9 /* Pods-TODO_2019.release.xcconfig */ = {isa = PBXFileReference; includeInIndex = 1; lastKnownFileType = text.xcconfig; name = "Pods-TODO_2019.release.xcconfig"; path = "Target Support Files/Pods-TODO_2019/Pods-TODO_2019.release.xcconfig"; sourceTree = "<group>"; };
		C817B545220D3EE000B96C1D /* TODO_2019.app */ = {isa = PBXFileReference; explicitFileType = wrapper.application; includeInIndex = 0; path = TODO_2019.app; sourceTree = BUILT_PRODUCTS_DIR; };
		C817B548220D3EE000B96C1D /* AppDelegate.swift */ = {isa = PBXFileReference; lastKnownFileType = sourcecode.swift; path = AppDelegate.swift; sourceTree = "<group>"; };
		C817B54D220D3EE000B96C1D /* Base */ = {isa = PBXFileReference; lastKnownFileType = file.storyboard; name = Base; path = Base.lproj/Main.storyboard; sourceTree = "<group>"; };
		C817B54F220D3EE200B96C1D /* Assets.xcassets */ = {isa = PBXFileReference; lastKnownFileType = folder.assetcatalog; path = Assets.xcassets; sourceTree = "<group>"; };
		C817B552220D3EE200B96C1D /* Base */ = {isa = PBXFileReference; lastKnownFileType = file.storyboard; name = Base; path = Base.lproj/LaunchScreen.storyboard; sourceTree = "<group>"; };
		C817B554220D3EE200B96C1D /* Info.plist */ = {isa = PBXFileReference; lastKnownFileType = text.plist.xml; path = Info.plist; sourceTree = "<group>"; };
		C82689D5220DA0BA00E8BFD0 /* File.swift */ = {isa = PBXFileReference; lastKnownFileType = sourcecode.swift; path = File.swift; sourceTree = "<group>"; };
		C82689DD220DA3A000E8BFD0 /* ToDoTableViewController + UITableViewDataSource.swift */ = {isa = PBXFileReference; lastKnownFileType = sourcecode.swift; path = "ToDoTableViewController + UITableViewDataSource.swift"; sourceTree = "<group>"; };
		C82689DF220DA3D400E8BFD0 /* TodoTableViewController + UITableViewDelegate.swift */ = {isa = PBXFileReference; lastKnownFileType = sourcecode.swift; path = "TodoTableViewController + UITableViewDelegate.swift"; sourceTree = "<group>"; };
		C82689E3220DA55200E8BFD0 /* ToDoTableViewController.swift */ = {isa = PBXFileReference; lastKnownFileType = sourcecode.swift; path = ToDoTableViewController.swift; sourceTree = "<group>"; };
		C82689E5220DA58900E8BFD0 /* ToDoViewController.swift */ = {isa = PBXFileReference; lastKnownFileType = sourcecode.swift; path = ToDoViewController.swift; sourceTree = "<group>"; };
		C82689E7220DA5BE00E8BFD0 /* ToDoViewController + UITableViewDelegate.swift */ = {isa = PBXFileReference; lastKnownFileType = sourcecode.swift; path = "ToDoViewController + UITableViewDelegate.swift"; sourceTree = "<group>"; };
		C82689EA220DFA5800E8BFD0 /* String+Extention.swift */ = {isa = PBXFileReference; lastKnownFileType = sourcecode.swift; path = "String+Extention.swift"; sourceTree = "<group>"; };
		C8813C1B220E9E1F0031A937 /* NavidatioViewControllerToDoViewController.swift */ = {isa = PBXFileReference; lastKnownFileType = sourcecode.swift; path = NavidatioViewControllerToDoViewController.swift; sourceTree = "<group>"; };
		C895DFE92210AB9D00393170 /* ToDoTaleViewController + RealmMethods.swift */ = {isa = PBXFileReference; lastKnownFileType = sourcecode.swift; path = "ToDoTaleViewController + RealmMethods.swift"; sourceTree = "<group>"; };
/* End PBXFileReference section */

/* Begin PBXFrameworksBuildPhase section */
		C817B542220D3EE000B96C1D /* Frameworks */ = {
			isa = PBXFrameworksBuildPhase;
			buildActionMask = 2147483647;
			files = (
				C0D767F514CD68C85E673145 /* Pods_TODO_2019.framework in Frameworks */,
			);
			runOnlyForDeploymentPostprocessing = 0;
		};
/* End PBXFrameworksBuildPhase section */

/* Begin PBXGroup section */
		76AC4DF9D392BB9B2B2BDD69 /* Frameworks */ = {
			isa = PBXGroup;
			children = (
				32FE360DD31002DE7D392743 /* Pods_TODO_2019.framework */,
			);
			name = Frameworks;
			sourceTree = "<group>";
		};
		B037DB13FD7D20CC74732E13 /* Pods */ = {
			isa = PBXGroup;
			children = (
				108D7326A829B9F986C01857 /* Pods-TODO_2019.debug.xcconfig */,
				67B9AD5D7401B642058207D9 /* Pods-TODO_2019.release.xcconfig */,
			);
			path = Pods;
			sourceTree = "<group>";
		};
		C817B53C220D3EE000B96C1D = {
			isa = PBXGroup;
			children = (
				C817B547220D3EE000B96C1D /* TODO_2019 */,
				C817B546220D3EE000B96C1D /* Products */,
				B037DB13FD7D20CC74732E13 /* Pods */,
				76AC4DF9D392BB9B2B2BDD69 /* Frameworks */,
			);
			sourceTree = "<group>";
		};
		C817B546220D3EE000B96C1D /* Products */ = {
			isa = PBXGroup;
			children = (
				C817B545220D3EE000B96C1D /* TODO_2019.app */,
			);
			name = Products;
			sourceTree = "<group>";
		};
		C817B547220D3EE000B96C1D /* TODO_2019 */ = {
			isa = PBXGroup;
			children = (
				C82689E9220DFA3000E8BFD0 /* Extention */,
				C82689DA220DA16600E8BFD0 /* View */,
				C82689D7220DA10700E8BFD0 /* Controllers */,
				C82689D4220DA0AB00E8BFD0 /* Model */,
				C817B548220D3EE000B96C1D /* AppDelegate.swift */,
				C817B54F220D3EE200B96C1D /* Assets.xcassets */,
				C817B551220D3EE200B96C1D /* LaunchScreen.storyboard */,
				C817B554220D3EE200B96C1D /* Info.plist */,
			);
			path = TODO_2019;
			sourceTree = "<group>";
		};
		C82689D4220DA0AB00E8BFD0 /* Model */ = {
			isa = PBXGroup;
			children = (
				C82689D5220DA0BA00E8BFD0 /* File.swift */,
			);
			path = Model;
			sourceTree = "<group>";
		};
		C82689D7220DA10700E8BFD0 /* Controllers */ = {
			isa = PBXGroup;
			children = (
				C8813C1A220E9D960031A937 /* Navigation */,
				C82689D8220DA11C00E8BFD0 /* ToDoTableViewController */,
				C82689D9220DA14A00E8BFD0 /* ToDoTableView */,
			);
			path = Controllers;
			sourceTree = "<group>";
		};
		C82689D8220DA11C00E8BFD0 /* ToDoTableViewController */ = {
			isa = PBXGroup;
			children = (
				C82689E3220DA55200E8BFD0 /* ToDoTableViewController.swift */,
				C82689DD220DA3A000E8BFD0 /* ToDoTableViewController + UITableViewDataSource.swift */,
				C82689DF220DA3D400E8BFD0 /* TodoTableViewController + UITableViewDelegate.swift */,
				C895DFE92210AB9D00393170 /* ToDoTaleViewController + RealmMethods.swift */,
			);
			path = ToDoTableViewController;
			sourceTree = "<group>";
		};
		C82689D9220DA14A00E8BFD0 /* ToDoTableView */ = {
			isa = PBXGroup;
			children = (
				C82689E5220DA58900E8BFD0 /* ToDoViewController.swift */,
				C82689E7220DA5BE00E8BFD0 /* ToDoViewController + UITableViewDelegate.swift */,
			);
			path = ToDoTableView;
			sourceTree = "<group>";
		};
		C82689DA220DA16600E8BFD0 /* View */ = {
			isa = PBXGroup;
			children = (
				C817B54C220D3EE000B96C1D /* Main.storyboard */,
			);
			path = View;
			sourceTree = "<group>";
		};
		C82689E9220DFA3000E8BFD0 /* Extention */ = {
			isa = PBXGroup;
			children = (
				C82689EA220DFA5800E8BFD0 /* String+Extention.swift */,
			);
			path = Extention;
			sourceTree = "<group>";
		};
		C8813C1A220E9D960031A937 /* Navigation */ = {
			isa = PBXGroup;
			children = (
				C8813C1B220E9E1F0031A937 /* NavidatioViewControllerToDoViewController.swift */,
			);
			path = Navigation;
			sourceTree = "<group>";
		};
/* End PBXGroup section */

/* Begin PBXNativeTarget section */
		C817B544220D3EE000B96C1D /* TODO_2019 */ = {
			isa = PBXNativeTarget;
			buildConfigurationList = C817B557220D3EE200B96C1D /* Build configuration list for PBXNativeTarget "TODO_2019" */;
			buildPhases = (
				8CB5E52C9F7F5D70C260CE12 /* [CP] Check Pods Manifest.lock */,
				C817B541220D3EE000B96C1D /* Sources */,
				C817B542220D3EE000B96C1D /* Frameworks */,
				C817B543220D3EE000B96C1D /* Resources */,
				3B262893F2BA2A8C1EBB5C3A /* [CP] Embed Pods Frameworks */,
			);
			buildRules = (
			);
			dependencies = (
			);
			name = TODO_2019;
			productName = TODO_2019;
			productReference = C817B545220D3EE000B96C1D /* TODO_2019.app */;
			productType = "com.apple.product-type.application";
		};
/* End PBXNativeTarget section */

/* Begin PBXProject section */
		C817B53D220D3EE000B96C1D /* Project object */ = {
			isa = PBXProject;
			attributes = {
				LastSwiftUpdateCheck = 1010;
				LastUpgradeCheck = 1010;
				ORGANIZATIONNAME = "Alexey Drumlevich";
				TargetAttributes = {
					C817B544220D3EE000B96C1D = {
						CreatedOnToolsVersion = 10.1;
					};
				};
			};
			buildConfigurationList = C817B540220D3EE000B96C1D /* Build configuration list for PBXProject "TODO_2019" */;
			compatibilityVersion = "Xcode 9.3";
			developmentRegion = en;
			hasScannedForEncodings = 0;
			knownRegions = (
				en,
				Base,
			);
			mainGroup = C817B53C220D3EE000B96C1D;
			productRefGroup = C817B546220D3EE000B96C1D /* Products */;
			projectDirPath = "";
			projectRoot = "";
			targets = (
				C817B544220D3EE000B96C1D /* TODO_2019 */,
			);
		};
/* End PBXProject section */

/* Begin PBXResourcesBuildPhase section */
		C817B543220D3EE000B96C1D /* Resources */ = {
			isa = PBXResourcesBuildPhase;
			buildActionMask = 2147483647;
			files = (
				C817B553220D3EE200B96C1D /* LaunchScreen.storyboard in Resources */,
				C817B550220D3EE200B96C1D /* Assets.xcassets in Resources */,
				C817B54E220D3EE000B96C1D /* Main.storyboard in Resources */,
			);
			runOnlyForDeploymentPostprocessing = 0;
		};
/* End PBXResourcesBuildPhase section */

/* Begin PBXShellScriptBuildPhase section */
		3B262893F2BA2A8C1EBB5C3A /* [CP] Embed Pods Frameworks */ = {
			isa = PBXShellScriptBuildPhase;
			buildActionMask = 2147483647;
			files = (
			);
			inputFileListPaths = (
			);
			inputPaths = (
				"${PODS_ROOT}/Target Support Files/Pods-TODO_2019/Pods-TODO_2019-frameworks.sh",
				"${BUILT_PRODUCTS_DIR}/Realm/Realm.framework",
				"${BUILT_PRODUCTS_DIR}/RealmSwift/RealmSwift.framework",
			);
			name = "[CP] Embed Pods Frameworks";
			outputFileListPaths = (
			);
			outputPaths = (
				"${TARGET_BUILD_DIR}/${FRAMEWORKS_FOLDER_PATH}/Realm.framework",
				"${TARGET_BUILD_DIR}/${FRAMEWORKS_FOLDER_PATH}/RealmSwift.framework",
			);
			runOnlyForDeploymentPostprocessing = 0;
			shellPath = /bin/sh;
			shellScript = "\"${PODS_ROOT}/Target Support Files/Pods-TODO_2019/Pods-TODO_2019-frameworks.sh\"\n";
			showEnvVarsInLog = 0;
		};
		8CB5E52C9F7F5D70C260CE12 /* [CP] Check Pods Manifest.lock */ = {
			isa = PBXShellScriptBuildPhase;
			buildActionMask = 2147483647;
			files = (
			);
			inputFileListPaths = (
			);
			inputPaths = (
				"${PODS_PODFILE_DIR_PATH}/Podfile.lock",
				"${PODS_ROOT}/Manifest.lock",
			);
			name = "[CP] Check Pods Manifest.lock";
			outputFileListPaths = (
			);
			outputPaths = (
				"$(DERIVED_FILE_DIR)/Pods-TODO_2019-checkManifestLockResult.txt",
			);
			runOnlyForDeploymentPostprocessing = 0;
			shellPath = /bin/sh;
			shellScript = "diff \"${PODS_PODFILE_DIR_PATH}/Podfile.lock\" \"${PODS_ROOT}/Manifest.lock\" > /dev/null\nif [ $? != 0 ] ; then\n    # print error to STDERR\n    echo \"error: The sandbox is not in sync with the Podfile.lock. Run 'pod install' or update your CocoaPods installation.\" >&2\n    exit 1\nfi\n# This output is used by Xcode 'outputs' to avoid re-running this script phase.\necho \"SUCCESS\" > \"${SCRIPT_OUTPUT_FILE_0}\"\n";
			showEnvVarsInLog = 0;
		};
/* End PBXShellScriptBuildPhase section */

/* Begin PBXSourcesBuildPhase section */
		C817B541220D3EE000B96C1D /* Sources */ = {
			isa = PBXSourcesBuildPhase;
			buildActionMask = 2147483647;
			files = (
				C82689DE220DA3A000E8BFD0 /* ToDoTableViewController + UITableViewDataSource.swift in Sources */,
				C82689EB220DFA5800E8BFD0 /* String+Extention.swift in Sources */,
				C817B549220D3EE000B96C1D /* AppDelegate.swift in Sources */,
				C82689D6220DA0BA00E8BFD0 /* File.swift in Sources */,
				C82689E8220DA5BE00E8BFD0 /* ToDoViewController + UITableViewDelegate.swift in Sources */,
				C895DFEA2210AB9D00393170 /* ToDoTaleViewController + RealmMethods.swift in Sources */,
				C82689E0220DA3D400E8BFD0 /* TodoTableViewController + UITableViewDelegate.swift in Sources */,
				C82689E6220DA58900E8BFD0 /* ToDoViewController.swift in Sources */,
				C8813C1C220E9E1F0031A937 /* NavidatioViewControllerToDoViewController.swift in Sources */,
				C82689E4220DA55200E8BFD0 /* ToDoTableViewController.swift in Sources */,
			);
			runOnlyForDeploymentPostprocessing = 0;
		};
/* End PBXSourcesBuildPhase section */

/* Begin PBXVariantGroup section */
		C817B54C220D3EE000B96C1D /* Main.storyboard */ = {
			isa = PBXVariantGroup;
			children = (
				C817B54D220D3EE000B96C1D /* Base */,
			);
			name = Main.storyboard;
			sourceTree = "<group>";
		};
		C817B551220D3EE200B96C1D /* LaunchScreen.storyboard */ = {
			isa = PBXVariantGroup;
			children = (
				C817B552220D3EE200B96C1D /* Base */,
			);
			name = LaunchScreen.storyboard;
			sourceTree = "<group>";
		};
/* End PBXVariantGroup section */

/* Begin XCBuildConfiguration section */
		C817B555220D3EE200B96C1D /* Debug */ = {
			isa = XCBuildConfiguration;
			buildSettings = {
				ALWAYS_SEARCH_USER_PATHS = NO;
				CLANG_ANALYZER_NONNULL = YES;
				CLANG_ANALYZER_NUMBER_OBJECT_CONVERSION = YES_AGGRESSIVE;
				CLANG_CXX_LANGUAGE_STANDARD = "gnu++14";
				CLANG_CXX_LIBRARY = "libc++";
				CLANG_ENABLE_MODULES = YES;
				CLANG_ENABLE_OBJC_ARC = YES;
				CLANG_ENABLE_OBJC_WEAK = YES;
				CLANG_WARN_BLOCK_CAPTURE_AUTORELEASING = YES;
				CLANG_WARN_BOOL_CONVERSION = YES;
				CLANG_WARN_COMMA = YES;
				CLANG_WARN_CONSTANT_CONVERSION = YES;
				CLANG_WARN_DEPRECATED_OBJC_IMPLEMENTATIONS = YES;
				CLANG_WARN_DIRECT_OBJC_ISA_USAGE = YES_ERROR;
				CLANG_WARN_DOCUMENTATION_COMMENTS = YES;
				CLANG_WARN_EMPTY_BODY = YES;
				CLANG_WARN_ENUM_CONVERSION = YES;
				CLANG_WARN_INFINITE_RECURSION = YES;
				CLANG_WARN_INT_CONVERSION = YES;
				CLANG_WARN_NON_LITERAL_NULL_CONVERSION = YES;
				CLANG_WARN_OBJC_IMPLICIT_RETAIN_SELF = YES;
				CLANG_WARN_OBJC_LITERAL_CONVERSION = YES;
				CLANG_WARN_OBJC_ROOT_CLASS = YES_ERROR;
				CLANG_WARN_RANGE_LOOP_ANALYSIS = YES;
				CLANG_WARN_STRICT_PROTOTYPES = YES;
				CLANG_WARN_SUSPICIOUS_MOVE = YES;
				CLANG_WARN_UNGUARDED_AVAILABILITY = YES_AGGRESSIVE;
				CLANG_WARN_UNREACHABLE_CODE = YES;
				CLANG_WARN__DUPLICATE_METHOD_MATCH = YES;
				CODE_SIGN_IDENTITY = "iPhone Developer";
				COPY_PHASE_STRIP = NO;
				DEBUG_INFORMATION_FORMAT = dwarf;
				ENABLE_STRICT_OBJC_MSGSEND = YES;
				ENABLE_TESTABILITY = YES;
				GCC_C_LANGUAGE_STANDARD = gnu11;
				GCC_DYNAMIC_NO_PIC = NO;
				GCC_NO_COMMON_BLOCKS = YES;
				GCC_OPTIMIZATION_LEVEL = 0;
				GCC_PREPROCESSOR_DEFINITIONS = (
					"DEBUG=1",
					"$(inherited)",
				);
				GCC_WARN_64_TO_32_BIT_CONVERSION = YES;
				GCC_WARN_ABOUT_RETURN_TYPE = YES_ERROR;
				GCC_WARN_UNDECLARED_SELECTOR = YES;
				GCC_WARN_UNINITIALIZED_AUTOS = YES_AGGRESSIVE;
				GCC_WARN_UNUSED_FUNCTION = YES;
				GCC_WARN_UNUSED_VARIABLE = YES;
				IPHONEOS_DEPLOYMENT_TARGET = 12.1;
				MTL_ENABLE_DEBUG_INFO = INCLUDE_SOURCE;
				MTL_FAST_MATH = YES;
				ONLY_ACTIVE_ARCH = YES;
				SDKROOT = iphoneos;
				SWIFT_ACTIVE_COMPILATION_CONDITIONS = DEBUG;
				SWIFT_OPTIMIZATION_LEVEL = "-Onone";
			};
			name = Debug;
		};
		C817B556220D3EE200B96C1D /* Release */ = {
			isa = XCBuildConfiguration;
			buildSettings = {
				ALWAYS_SEARCH_USER_PATHS = NO;
				CLANG_ANALYZER_NONNULL = YES;
				CLANG_ANALYZER_NUMBER_OBJECT_CONVERSION = YES_AGGRESSIVE;
				CLANG_CXX_LANGUAGE_STANDARD = "gnu++14";
				CLANG_CXX_LIBRARY = "libc++";
				CLANG_ENABLE_MODULES = YES;
				CLANG_ENABLE_OBJC_ARC = YES;
				CLANG_ENABLE_OBJC_WEAK = YES;
				CLANG_WARN_BLOCK_CAPTURE_AUTORELEASING = YES;
				CLANG_WARN_BOOL_CONVERSION = YES;
				CLANG_WARN_COMMA = YES;
				CLANG_WARN_CONSTANT_CONVERSION = YES;
				CLANG_WARN_DEPRECATED_OBJC_IMPLEMENTATIONS = YES;
				CLANG_WARN_DIRECT_OBJC_ISA_USAGE = YES_ERROR;
				CLANG_WARN_DOCUMENTATION_COMMENTS = YES;
				CLANG_WARN_EMPTY_BODY = YES;
				CLANG_WARN_ENUM_CONVERSION = YES;
				CLANG_WARN_INFINITE_RECURSION = YES;
				CLANG_WARN_INT_CONVERSION = YES;
				CLANG_WARN_NON_LITERAL_NULL_CONVERSION = YES;
				CLANG_WARN_OBJC_IMPLICIT_RETAIN_SELF = YES;
				CLANG_WARN_OBJC_LITERAL_CONVERSION = YES;
				CLANG_WARN_OBJC_ROOT_CLASS = YES_ERROR;
				CLANG_WARN_RANGE_LOOP_ANALYSIS = YES;
				CLANG_WARN_STRICT_PROTOTYPES = YES;
				CLANG_WARN_SUSPICIOUS_MOVE = YES;
				CLANG_WARN_UNGUARDED_AVAILABILITY = YES_AGGRESSIVE;
				CLANG_WARN_UNREACHABLE_CODE = YES;
				CLANG_WARN__DUPLICATE_METHOD_MATCH = YES;
				CODE_SIGN_IDENTITY = "iPhone Developer";
				COPY_PHASE_STRIP = NO;
				DEBUG_INFORMATION_FORMAT = "dwarf-with-dsym";
				ENABLE_NS_ASSERTIONS = NO;
				ENABLE_STRICT_OBJC_MSGSEND = YES;
				GCC_C_LANGUAGE_STANDARD = gnu11;
				GCC_NO_COMMON_BLOCKS = YES;
				GCC_WARN_64_TO_32_BIT_CONVERSION = YES;
				GCC_WARN_ABOUT_RETURN_TYPE = YES_ERROR;
				GCC_WARN_UNDECLARED_SELECTOR = YES;
				GCC_WARN_UNINITIALIZED_AUTOS = YES_AGGRESSIVE;
				GCC_WARN_UNUSED_FUNCTION = YES;
				GCC_WARN_UNUSED_VARIABLE = YES;
				IPHONEOS_DEPLOYMENT_TARGET = 12.1;
				MTL_ENABLE_DEBUG_INFO = NO;
				MTL_FAST_MATH = YES;
				SDKROOT = iphoneos;
				SWIFT_COMPILATION_MODE = wholemodule;
				SWIFT_OPTIMIZATION_LEVEL = "-O";
				VALIDATE_PRODUCT = YES;
			};
			name = Release;
		};
		C817B558220D3EE200B96C1D /* Debug */ = {
			isa = XCBuildConfiguration;
			baseConfigurationReference = 108D7326A829B9F986C01857 /* Pods-TODO_2019.debug.xcconfig */;
			buildSettings = {
				ASSETCATALOG_COMPILER_APPICON_NAME = AppIcon;
				CODE_SIGN_STYLE = Automatic;
				DEVELOPMENT_TEAM = 457AUZSV22;
				INFOPLIST_FILE = TODO_2019/Info.plist;
				IPHONEOS_DEPLOYMENT_TARGET = 12.1;
				LD_RUNPATH_SEARCH_PATHS = (
					"$(inherited)",
					"@executable_path/Frameworks",
				);
				PRODUCT_BUNDLE_IDENTIFIER = "Alexey-D..TODO-2019";
				PRODUCT_NAME = "$(TARGET_NAME)";
				SWIFT_VERSION = 4.2;
				TARGETED_DEVICE_FAMILY = "1,2";
			};
			name = Debug;
		};
		C817B559220D3EE200B96C1D /* Release */ = {
			isa = XCBuildConfiguration;
			baseConfigurationReference = 67B9AD5D7401B642058207D9 /* Pods-TODO_2019.release.xcconfig */;
			buildSettings = {
				ASSETCATALOG_COMPILER_APPICON_NAME = AppIcon;
				CODE_SIGN_STYLE = Automatic;
				DEVELOPMENT_TEAM = 457AUZSV22;
				INFOPLIST_FILE = TODO_2019/Info.plist;
				IPHONEOS_DEPLOYMENT_TARGET = 12.1;
				LD_RUNPATH_SEARCH_PATHS = (
					"$(inherited)",
					"@executable_path/Frameworks",
				);
				PRODUCT_BUNDLE_IDENTIFIER = "Alexey-D..TODO-2019";
				PRODUCT_NAME = "$(TARGET_NAME)";
				SWIFT_VERSION = 4.2;
				TARGETED_DEVICE_FAMILY = "1,2";
			};
			name = Release;
		};
/* End XCBuildConfiguration section */

/* Begin XCConfigurationList section */
		C817B540220D3EE000B96C1D /* Build configuration list for PBXProject "TODO_2019" */ = {
			isa = XCConfigurationList;
			buildConfigurations = (
				C817B555220D3EE200B96C1D /* Debug */,
				C817B556220D3EE200B96C1D /* Release */,
			);
			defaultConfigurationIsVisible = 0;
			defaultConfigurationName = Release;
		};
		C817B557220D3EE200B96C1D /* Build configuration list for PBXNativeTarget "TODO_2019" */ = {
			isa = XCConfigurationList;
			buildConfigurations = (
				C817B558220D3EE200B96C1D /* Debug */,
				C817B559220D3EE200B96C1D /* Release */,
			);
			defaultConfigurationIsVisible = 0;
			defaultConfigurationName = Release;
		};
/* End XCConfigurationList section */
	};
	rootObject = C817B53D220D3EE000B96C1D /* Project object */;
}
